// !$*UTF8*$!
{
	archiveVersion = 1;
	classes = {
	};
	objectVersion = 63;
	objects = {

/* Begin PBXBuildFile section */
		050BB4392E19DB0EB7B22155 /* Album.swift in Sources */ = {isa = PBXBuildFile; fileRef = B7023E56BE3EEDDB5A4C1276 /* Album.swift */; };
		071816A1B2C3D4E5F6071829 /* ImportViewModel.swift in Sources */ = {isa = PBXBuildFile; fileRef = 1829304116A1B2C3D4E5F607 /* ImportViewModel.swift */; };
		0B74EFBF667408B7CA6226B5 /* AuthService.swift in Sources */ = {isa = PBXBuildFile; fileRef = 1A86E457B9D24261AA37C220 /* AuthService.swift */; };
		151A606E2F3EAB32006C5943 /* Launch Screen.storyboard in Resources */ = {isa = PBXBuildFile; fileRef = 151A606D2F3EAB32006C5943 /* Launch Screen.storyboard */; };
		1B71542B2897BEE13955901F /* BreakInService.swift in Sources */ = {isa = PBXBuildFile; fileRef = DA42777D37B992122D9CF537 /* BreakInService.swift */; };
		1E3D1F3FD1CF7E9D6B4DFC03 /* SettingsViewModel.swift in Sources */ = {isa = PBXBuildFile; fileRef = 009A9FD52168A43BF2784BFB /* SettingsViewModel.swift */; };
		200FC0CC6BF6FB3AAAE3FE79 /* BackupSettingsView.swift in Sources */ = {isa = PBXBuildFile; fileRef = 939D7F9B442409D15296F28E /* BackupSettingsView.swift */; };
		2A3B4C5D6E7F80A1B2C3D4E5 /* PurchaseService.swift in Sources */ = {isa = PBXBuildFile; fileRef = 3B4C5D6E7F80A1B2C3D4E5F6 /* PurchaseService.swift */; };
		2C1B54A9961CFB491BC0FC57 /* AppIconService.swift in Sources */ = {isa = PBXBuildFile; fileRef = 36A2035C23392BD435080480 /* AppIconService.swift */; };
		39C918B95D6F74B1506DFF20 /* PINKeypadView.swift in Sources */ = {isa = PBXBuildFile; fileRef = F0EC25525A796155921B2DB4 /* PINKeypadView.swift */; };
		47F3A82E6F857DB27524E72D /* BreakInLogView.swift in Sources */ = {isa = PBXBuildFile; fileRef = 3FC3D21281CAA279B031A721 /* BreakInLogView.swift */; };
		4C5D6E7F80A1B2C3D4E5F617 /* RevenueCatUI in Frameworks */ = {isa = PBXBuildFile; productRef = 5D6E7F80A1B2C3D4E5F61728 /* RevenueCatUI */; };
		5C8FA68F0A92A77B692DD53B /* BreakInAttempt.swift in Sources */ = {isa = PBXBuildFile; fileRef = D4642AF6434C37F54BCDF308 /* BreakInAttempt.swift */; };
		675764EA044DEECF46B8D108 /* VaultItem.swift in Sources */ = {isa = PBXBuildFile; fileRef = E7E7FE5EAECDA281CF730A0A /* VaultItem.swift */; };
		6DD01C1408A8E6E9687376D8 /* SecuritySettingsView.swift in Sources */ = {isa = PBXBuildFile; fileRef = 7930F7D01A3C2BBE27388328 /* SecuritySettingsView.swift */; };
		6E7F80A1B2C3D4E5F6172839 /* PaywallView.swift in Sources */ = {isa = PBXBuildFile; fileRef = 7F80A1B2C3D4E5F617283940 /* PaywallView.swift */; };
		71500CDFA5559C9E42DC0BE7 /* VaultBoxApp.swift in Sources */ = {isa = PBXBuildFile; fileRef = 34702C72F8A36861926F0D3C /* VaultBoxApp.swift */; };
		7C7F17A247776BFBE57C7002 /* VaultBoxTests.swift in Sources */ = {isa = PBXBuildFile; fileRef = 2685762B4DE2B8FF30F74FAB /* VaultBoxTests.swift */; };
		822A4D69398B4376160E0A4E /* PINDotsView.swift in Sources */ = {isa = PBXBuildFile; fileRef = 694FE4365623C81A79223EFC /* PINDotsView.swift */; };
		83F8A4B8940D72E6F7B41527 /* ContentView.swift in Sources */ = {isa = PBXBuildFile; fileRef = D2939C27F07D011312BB7C89 /* ContentView.swift */; };
		886725697AFAC77C31A2EB27 /* KeychainAccess in Frameworks */ = {isa = PBXBuildFile; productRef = 9BCF83440C91B074EC834D97 /* KeychainAccess */; };
		920BE213B8A19FDDA9926202 /* RevenueCat in Frameworks */ = {isa = PBXBuildFile; productRef = DB3AC3CCEBE71B5ED091FA5A /* RevenueCat */; };
		96A41D0233E76E2E72B739CB /* Assets.xcassets in Resources */ = {isa = PBXBuildFile; fileRef = BADE5E1C90AC5304992FC1ED /* Assets.xcassets */; };
		A1B2C3D416E5F60718293A4B /* AuthViewModel.swift in Sources */ = {isa = PBXBuildFile; fileRef = B2C3D4E516F6071829304A5B /* AuthViewModel.swift */; };
		A1B2C3D4E5F6081930415C7D /* AlbumGridView.swift in Sources */ = {isa = PBXBuildFile; fileRef = B2C3D4E5F6081930415C7D8E /* AlbumGridView.swift */; };
		A1D0E7F2C3B4A59687766554 /* BreakInPermissionService.swift in Sources */ = {isa = PBXBuildFile; fileRef = A1D0E7F2C3B4A59687766553 /* BreakInPermissionService.swift */; };
		A1D0E7F2C3B4A59687766556 /* BreakInPermissionServiceTests.swift in Sources */ = {isa = PBXBuildFile; fileRef = A1D0E7F2C3B4A59687766555 /* BreakInPermissionServiceTests.swift */; };
		A1D0E7F2C3B4A59687766558 /* PostOnboardingSecuritySetupView.swift in Sources */ = {isa = PBXBuildFile; fileRef = A1D0E7F2C3B4A59687766557 /* PostOnboardingSecuritySetupView.swift */; };
		A1D0E7F2C3B4A5968776655A /* BreakInPermissionSetupView.swift in Sources */ = {isa = PBXBuildFile; fileRef = A1D0E7F2C3B4A59687766559 /* BreakInPermissionSetupView.swift */; };
		A1D0E7F2C3B4A5968776655C /* ContentViewRouteTests.swift in Sources */ = {isa = PBXBuildFile; fileRef = A1D0E7F2C3B4A5968776655B /* ContentViewRouteTests.swift */; };
		A2B3C4D5E6F70819203A4B5C /* LockScreenView.swift in Sources */ = {isa = PBXBuildFile; fileRef = B3C4D5E6F7081920304A5B6C /* LockScreenView.swift */; };
		A93772B76AB866E19E383E7B /* Constants.swift in Sources */ = {isa = PBXBuildFile; fileRef = 7C49A0C51724A12AFC4766DA /* Constants.swift */; };
		A98A28668C94C86E6A5EDCCD /* EncryptionServiceTests.swift in Sources */ = {isa = PBXBuildFile; fileRef = FC2E72817BEC8029EC0BADFD /* EncryptionServiceTests.swift */; };
		AA11BB22CC33DD44EE55FF01 /* CameraView.swift in Sources */ = {isa = PBXBuildFile; fileRef = AA11BB22CC33DD44EE55FF11 /* CameraView.swift */; };
		AA11BB22CC33DD44EE55FF02 /* EmptyStateView.swift in Sources */ = {isa = PBXBuildFile; fileRef = AA11BB22CC33DD44EE55FF12 /* EmptyStateView.swift */; };
		AA11BB22CC33DD44EE55FF03 /* PremiumBadge.swift in Sources */ = {isa = PBXBuildFile; fileRef = AA11BB22CC33DD44EE55FF13 /* PremiumBadge.swift */; };
		AA11BB22CC33DD44EE55FF04 /* VaultItemThumbnail.swift in Sources */ = {isa = PBXBuildFile; fileRef = AA11BB22CC33DD44EE55FF14 /* VaultItemThumbnail.swift */; };
		AA11BB22CC33DD44EE55FF05 /* AlbumCoverView.swift in Sources */ = {isa = PBXBuildFile; fileRef = AA11BB22CC33DD44EE55FF15 /* AlbumCoverView.swift */; };
		AA11BB22CC33DD44EE55FF06 /* Haptics.swift in Sources */ = {isa = PBXBuildFile; fileRef = AA11BB22CC33DD44EE55FF16 /* Haptics.swift */; };
		AA11BB22CC33DD44EE55FF07 /* VaultBoxError.swift in Sources */ = {isa = PBXBuildFile; fileRef = AA11BB22CC33DD44EE55FF17 /* VaultBoxError.swift */; };
		AA11BB22CC33DD44EE55FF08 /* View+ConditionalModifier.swift in Sources */ = {isa = PBXBuildFile; fileRef = AA11BB22CC33DD44EE55FF18 /* View+ConditionalModifier.swift */; };
		AA11BB22CC33DD44EE55FF09 /* Data+Encryption.swift in Sources */ = {isa = PBXBuildFile; fileRef = AA11BB22CC33DD44EE55FF19 /* Data+Encryption.swift */; };
		B188AD5A98AACC8E36AE6F6F /* SettingsView.swift in Sources */ = {isa = PBXBuildFile; fileRef = 0393F6655D2D2937C94CC92D /* SettingsView.swift */; };
		B2C3D4E5F607182930415B6C /* VaultGridView.swift in Sources */ = {isa = PBXBuildFile; fileRef = C3D4E5F60718293041526B7D /* VaultGridView.swift */; };
		BB11CC22DD33EE44FF550B01 /* HTTPParser.swift in Sources */ = {isa = PBXBuildFile; fileRef = BB11CC22DD33EE44FF550A01 /* HTTPParser.swift */; };
		BB11CC22DD33EE44FF550B02 /* WiFiTransferHTML.swift in Sources */ = {isa = PBXBuildFile; fileRef = BB11CC22DD33EE44FF550A02 /* WiFiTransferHTML.swift */; };
		BB11CC22DD33EE44FF550B03 /* WiFiTransferService.swift in Sources */ = {isa = PBXBuildFile; fileRef = BB11CC22DD33EE44FF550A03 /* WiFiTransferService.swift */; };
		BB11CC22DD33EE44FF550B04 /* WiFiTransferViewModel.swift in Sources */ = {isa = PBXBuildFile; fileRef = BB11CC22DD33EE44FF550A04 /* WiFiTransferViewModel.swift */; };
		BB11CC22DD33EE44FF550B05 /* PINReEntryView.swift in Sources */ = {isa = PBXBuildFile; fileRef = BB11CC22DD33EE44FF550A05 /* PINReEntryView.swift */; };
		BB11CC22DD33EE44FF550B06 /* WiFiTransferView.swift in Sources */ = {isa = PBXBuildFile; fileRef = BB11CC22DD33EE44FF550A06 /* WiFiTransferView.swift */; };
		C140F0C11CEEDE8406C46738 /* AuthServiceTests.swift in Sources */ = {isa = PBXBuildFile; fileRef = 32C17DE2C86D503C1D9879A7 /* AuthServiceTests.swift */; };
		C3D4E5F60A1B2C3D4E5F6072 /* ImportView.swift in Sources */ = {isa = PBXBuildFile; fileRef = D4E5F60A1B2C3D4E5F60728A /* ImportView.swift */; };
		C3D4E5F616A1B2C3D4E5F607 /* VaultViewModel.swift in Sources */ = {isa = PBXBuildFile; fileRef = D4E5F61601B2C3D4E5F60728 /* VaultViewModel.swift */; };
		C5AF8C2501E19869249D4501 /* PanicGestureService.swift in Sources */ = {isa = PBXBuildFile; fileRef = B392794C825D7F4163AAE13A /* PanicGestureService.swift */; };
		CC33DD44EE55FF66AA77BB01 /* OnboardingView.swift in Sources */ = {isa = PBXBuildFile; fileRef = CC33DD44EE55FF66AA77BB02 /* OnboardingView.swift */; };
		CCAC5953DE5FB171D2A840FE /* PINSetupView.swift in Sources */ = {isa = PBXBuildFile; fileRef = C4D5F0EBAFA96909C9712F62 /* PINSetupView.swift */; };
		CF09C7F31AD41774B786645D /* VaultBoxUITests.swift in Sources */ = {isa = PBXBuildFile; fileRef = FFE0AA33519991168C48D2B4 /* VaultBoxUITests.swift */; };
		D2E3F4A5B6C7081929304A5B /* VisionAnalysisService.swift in Sources */ = {isa = PBXBuildFile; fileRef = C1D2E3F4A5B60718293A4B5C /* VisionAnalysisService.swift */; };
		D3CC7D2809F750D3F2737FFA /* AppIconPickerView.swift in Sources */ = {isa = PBXBuildFile; fileRef = 1B1461F89282E1F78BC7F052 /* AppIconPickerView.swift */; };
		D536F32D6EBA30BF6FE4642A /* EncryptionService.swift in Sources */ = {isa = PBXBuildFile; fileRef = BED3E42B8DBCF2065727C874 /* EncryptionService.swift */; };
		DC090E5D08E3C434779B9093 /* AppSettings.swift in Sources */ = {isa = PBXBuildFile; fileRef = 816F0C902D0934CACAF3E697 /* AppSettings.swift */; };
		E5A6B48B1DF67069311D8E53 /* CloudService.swift in Sources */ = {isa = PBXBuildFile; fileRef = 470321758F2AECDDF122BCBF /* CloudService.swift */; };
		E5F60716A1B2C3D4E5F60718 /* AlbumViewModel.swift in Sources */ = {isa = PBXBuildFile; fileRef = F6071816A1B2C3D4E5F60728 /* AlbumViewModel.swift */; };
		E6B5F70829415263748C9D0F /* PhotoDetailView.swift in Sources */ = {isa = PBXBuildFile; fileRef = D5A4E6F71829304152637B8E /* PhotoDetailView.swift */; };
		F7C6E81930526374859DAE10 /* VideoPlayerView.swift in Sources */ = {isa = PBXBuildFile; fileRef = E6D5F72A41637485960EBF21 /* VideoPlayerView.swift */; };
		F8A1B2C3D4E5F60718293A4B /* VaultService.swift in Sources */ = {isa = PBXBuildFile; fileRef = A1B2C3D4E5F6071829304A5B /* VaultService.swift */; };
		FB01A1B2C3D4E5F600000002 /* FeatureBoardModels.swift in Sources */ = {isa = PBXBuildFile; fileRef = FB01A1B2C3D4E5F600000001 /* FeatureBoardModels.swift */; };
		FB01A1B2C3D4E5F600000004 /* FeatureBoardService.swift in Sources */ = {isa = PBXBuildFile; fileRef = FB01A1B2C3D4E5F600000003 /* FeatureBoardService.swift */; };
		FB01A1B2C3D4E5F600000006 /* FeatureRequestsView.swift in Sources */ = {isa = PBXBuildFile; fileRef = FB01A1B2C3D4E5F600000005 /* FeatureRequestsView.swift */; };
		DD0100000000000000010002 /* AlbumCoverPickerView.swift in Sources */ = {isa = PBXBuildFile; fileRef = DD0100000000000000010001 /* AlbumCoverPickerView.swift */; };
		DD0100000000000000020002 /* DocumentPickerView.swift in Sources */ = {isa = PBXBuildFile; fileRef = DD0100000000000000020001 /* DocumentPickerView.swift */; };
		DD0100000000000000030002 /* DocumentDetailView.swift in Sources */ = {isa = PBXBuildFile; fileRef = DD0100000000000000030001 /* DocumentDetailView.swift */; };
		DD0100000000000000040002 /* DocumentThumbnailService.swift in Sources */ = {isa = PBXBuildFile; fileRef = DD0100000000000000040001 /* DocumentThumbnailService.swift */; };
		DD0100000000000000050002 /* SharedItem.swift in Sources */ = {isa = PBXBuildFile; fileRef = DD0100000000000000050001 /* SharedItem.swift */; };
		DD0100000000000000060002 /* SharingService.swift in Sources */ = {isa = PBXBuildFile; fileRef = DD0100000000000000060001 /* SharingService.swift */; };
		DD0100000000000000070002 /* ShareConfigView.swift in Sources */ = {isa = PBXBuildFile; fileRef = DD0100000000000000070001 /* ShareConfigView.swift */; };
		DD0100000000000000080002 /* SharedItemsView.swift in Sources */ = {isa = PBXBuildFile; fileRef = DD0100000000000000080001 /* SharedItemsView.swift */; };
		DD0100000000000000090002 /* SharedPhotoViewer.swift in Sources */ = {isa = PBXBuildFile; fileRef = DD0100000000000000090001 /* SharedPhotoViewer.swift */; };
/* End PBXBuildFile section */

/* Begin PBXContainerItemProxy section */
		D9987E7DD4F54C6328B33688 /* PBXContainerItemProxy */ = {
			isa = PBXContainerItemProxy;
			containerPortal = F74559B9175A78D7E7049B04 /* Project object */;
			proxyType = 1;
			remoteGlobalIDString = 529AC2156C00832676CF94B9;
			remoteInfo = VaultBox;
		};
		EB6FB165587BAF07CF6A254E /* PBXContainerItemProxy */ = {
			isa = PBXContainerItemProxy;
			containerPortal = F74559B9175A78D7E7049B04 /* Project object */;
			proxyType = 1;
			remoteGlobalIDString = 529AC2156C00832676CF94B9;
			remoteInfo = VaultBox;
		};
/* End PBXContainerItemProxy section */

/* Begin PBXFileReference section */
		009A9FD52168A43BF2784BFB /* SettingsViewModel.swift */ = {isa = PBXFileReference; lastKnownFileType = sourcecode.swift; path = SettingsViewModel.swift; sourceTree = "<group>"; };
		0393F6655D2D2937C94CC92D /* SettingsView.swift */ = {isa = PBXFileReference; lastKnownFileType = sourcecode.swift; path = SettingsView.swift; sourceTree = "<group>"; };
		151A606D2F3EAB32006C5943 /* Launch Screen.storyboard */ = {isa = PBXFileReference; lastKnownFileType = file.storyboard; path = "Launch Screen.storyboard"; sourceTree = "<group>"; };
		1829304116A1B2C3D4E5F607 /* ImportViewModel.swift */ = {isa = PBXFileReference; lastKnownFileType = sourcecode.swift; path = ImportViewModel.swift; sourceTree = "<group>"; };
		1A86E457B9D24261AA37C220 /* AuthService.swift */ = {isa = PBXFileReference; lastKnownFileType = sourcecode.swift; path = AuthService.swift; sourceTree = "<group>"; };
		1B1461F89282E1F78BC7F052 /* AppIconPickerView.swift */ = {isa = PBXFileReference; lastKnownFileType = sourcecode.swift; path = AppIconPickerView.swift; sourceTree = "<group>"; };
		2685762B4DE2B8FF30F74FAB /* VaultBoxTests.swift */ = {isa = PBXFileReference; lastKnownFileType = sourcecode.swift; path = VaultBoxTests.swift; sourceTree = "<group>"; };
		32C17DE2C86D503C1D9879A7 /* AuthServiceTests.swift */ = {isa = PBXFileReference; lastKnownFileType = sourcecode.swift; path = AuthServiceTests.swift; sourceTree = "<group>"; };
		34702C72F8A36861926F0D3C /* VaultBoxApp.swift */ = {isa = PBXFileReference; lastKnownFileType = sourcecode.swift; path = VaultBoxApp.swift; sourceTree = "<group>"; };
		36A2035C23392BD435080480 /* AppIconService.swift */ = {isa = PBXFileReference; lastKnownFileType = sourcecode.swift; path = AppIconService.swift; sourceTree = "<group>"; };
		3B4C5D6E7F80A1B2C3D4E5F6 /* PurchaseService.swift */ = {isa = PBXFileReference; lastKnownFileType = sourcecode.swift; path = PurchaseService.swift; sourceTree = "<group>"; };
		3FC3D21281CAA279B031A721 /* BreakInLogView.swift */ = {isa = PBXFileReference; lastKnownFileType = sourcecode.swift; path = BreakInLogView.swift; sourceTree = "<group>"; };
		41A065F9BAEF35D0759437D5 /* VaultBoxUITests.xctest */ = {isa = PBXFileReference; explicitFileType = wrapper.cfbundle; includeInIndex = 0; path = VaultBoxUITests.xctest; sourceTree = BUILT_PRODUCTS_DIR; };
		470321758F2AECDDF122BCBF /* CloudService.swift */ = {isa = PBXFileReference; lastKnownFileType = sourcecode.swift; path = CloudService.swift; sourceTree = "<group>"; };
		4EB283B9F03B54A1D7149635 /* VaultBoxTests.xctest */ = {isa = PBXFileReference; explicitFileType = wrapper.cfbundle; includeInIndex = 0; path = VaultBoxTests.xctest; sourceTree = BUILT_PRODUCTS_DIR; };
		64922A8504D6C69762B8C911 /* Info.plist */ = {isa = PBXFileReference; lastKnownFileType = text.plist; path = Info.plist; sourceTree = "<group>"; };
		694FE4365623C81A79223EFC /* PINDotsView.swift */ = {isa = PBXFileReference; lastKnownFileType = sourcecode.swift; path = PINDotsView.swift; sourceTree = "<group>"; };
		7930F7D01A3C2BBE27388328 /* SecuritySettingsView.swift */ = {isa = PBXFileReference; lastKnownFileType = sourcecode.swift; path = SecuritySettingsView.swift; sourceTree = "<group>"; };
		7C49A0C51724A12AFC4766DA /* Constants.swift */ = {isa = PBXFileReference; lastKnownFileType = sourcecode.swift; path = Constants.swift; sourceTree = "<group>"; };
		7F80A1B2C3D4E5F617283940 /* PaywallView.swift */ = {isa = PBXFileReference; lastKnownFileType = sourcecode.swift; path = PaywallView.swift; sourceTree = "<group>"; };
		816F0C902D0934CACAF3E697 /* AppSettings.swift */ = {isa = PBXFileReference; lastKnownFileType = sourcecode.swift; path = AppSettings.swift; sourceTree = "<group>"; };
		939D7F9B442409D15296F28E /* BackupSettingsView.swift */ = {isa = PBXFileReference; lastKnownFileType = sourcecode.swift; path = BackupSettingsView.swift; sourceTree = "<group>"; };
		9ABD49527FCC499C4063B5C5 /* VaultBox.app */ = {isa = PBXFileReference; explicitFileType = wrapper.application; includeInIndex = 0; path = VaultBox.app; sourceTree = BUILT_PRODUCTS_DIR; };
		A1B2C3D4E5F6071829304A5B /* VaultService.swift */ = {isa = PBXFileReference; lastKnownFileType = sourcecode.swift; path = VaultService.swift; sourceTree = "<group>"; };
		A1D0E7F2C3B4A59687766553 /* BreakInPermissionService.swift */ = {isa = PBXFileReference; lastKnownFileType = sourcecode.swift; path = BreakInPermissionService.swift; sourceTree = "<group>"; };
		A1D0E7F2C3B4A59687766555 /* BreakInPermissionServiceTests.swift */ = {isa = PBXFileReference; lastKnownFileType = sourcecode.swift; path = BreakInPermissionServiceTests.swift; sourceTree = "<group>"; };
		A1D0E7F2C3B4A59687766557 /* PostOnboardingSecuritySetupView.swift */ = {isa = PBXFileReference; lastKnownFileType = sourcecode.swift; path = PostOnboardingSecuritySetupView.swift; sourceTree = "<group>"; };
		A1D0E7F2C3B4A59687766559 /* BreakInPermissionSetupView.swift */ = {isa = PBXFileReference; lastKnownFileType = sourcecode.swift; path = BreakInPermissionSetupView.swift; sourceTree = "<group>"; };
		A1D0E7F2C3B4A5968776655B /* ContentViewRouteTests.swift */ = {isa = PBXFileReference; lastKnownFileType = sourcecode.swift; path = ContentViewRouteTests.swift; sourceTree = "<group>"; };
		AA11BB22CC33DD44EE55FF11 /* CameraView.swift */ = {isa = PBXFileReference; lastKnownFileType = sourcecode.swift; path = CameraView.swift; sourceTree = "<group>"; };
		AA11BB22CC33DD44EE55FF12 /* EmptyStateView.swift */ = {isa = PBXFileReference; lastKnownFileType = sourcecode.swift; path = EmptyStateView.swift; sourceTree = "<group>"; };
		AA11BB22CC33DD44EE55FF13 /* PremiumBadge.swift */ = {isa = PBXFileReference; lastKnownFileType = sourcecode.swift; path = PremiumBadge.swift; sourceTree = "<group>"; };
		AA11BB22CC33DD44EE55FF14 /* VaultItemThumbnail.swift */ = {isa = PBXFileReference; lastKnownFileType = sourcecode.swift; path = VaultItemThumbnail.swift; sourceTree = "<group>"; };
		AA11BB22CC33DD44EE55FF15 /* AlbumCoverView.swift */ = {isa = PBXFileReference; lastKnownFileType = sourcecode.swift; path = AlbumCoverView.swift; sourceTree = "<group>"; };
		AA11BB22CC33DD44EE55FF16 /* Haptics.swift */ = {isa = PBXFileReference; lastKnownFileType = sourcecode.swift; path = Haptics.swift; sourceTree = "<group>"; };
		AA11BB22CC33DD44EE55FF17 /* VaultBoxError.swift */ = {isa = PBXFileReference; lastKnownFileType = sourcecode.swift; path = VaultBoxError.swift; sourceTree = "<group>"; };
		AA11BB22CC33DD44EE55FF18 /* View+ConditionalModifier.swift */ = {isa = PBXFileReference; lastKnownFileType = sourcecode.swift; path = "View+ConditionalModifier.swift"; sourceTree = "<group>"; };
		AA11BB22CC33DD44EE55FF19 /* Data+Encryption.swift */ = {isa = PBXFileReference; lastKnownFileType = sourcecode.swift; path = "Data+Encryption.swift"; sourceTree = "<group>"; };
		B2C3D4E516F6071829304A5B /* AuthViewModel.swift */ = {isa = PBXFileReference; lastKnownFileType = sourcecode.swift; path = AuthViewModel.swift; sourceTree = "<group>"; };
		B2C3D4E5F6081930415C7D8E /* AlbumGridView.swift */ = {isa = PBXFileReference; lastKnownFileType = sourcecode.swift; path = AlbumGridView.swift; sourceTree = "<group>"; };
		B392794C825D7F4163AAE13A /* PanicGestureService.swift */ = {isa = PBXFileReference; lastKnownFileType = sourcecode.swift; path = PanicGestureService.swift; sourceTree = "<group>"; };
		B3C4D5E6F7081920304A5B6C /* LockScreenView.swift */ = {isa = PBXFileReference; lastKnownFileType = sourcecode.swift; path = LockScreenView.swift; sourceTree = "<group>"; };
		B7023E56BE3EEDDB5A4C1276 /* Album.swift */ = {isa = PBXFileReference; lastKnownFileType = sourcecode.swift; path = Album.swift; sourceTree = "<group>"; };
		BADE5E1C90AC5304992FC1ED /* Assets.xcassets */ = {isa = PBXFileReference; lastKnownFileType = folder.assetcatalog; path = Assets.xcassets; sourceTree = "<group>"; };
		BB11CC22DD33EE44FF550A01 /* HTTPParser.swift */ = {isa = PBXFileReference; lastKnownFileType = sourcecode.swift; path = HTTPParser.swift; sourceTree = "<group>"; };
		BB11CC22DD33EE44FF550A02 /* WiFiTransferHTML.swift */ = {isa = PBXFileReference; lastKnownFileType = sourcecode.swift; path = WiFiTransferHTML.swift; sourceTree = "<group>"; };
		BB11CC22DD33EE44FF550A03 /* WiFiTransferService.swift */ = {isa = PBXFileReference; lastKnownFileType = sourcecode.swift; path = WiFiTransferService.swift; sourceTree = "<group>"; };
		BB11CC22DD33EE44FF550A04 /* WiFiTransferViewModel.swift */ = {isa = PBXFileReference; lastKnownFileType = sourcecode.swift; path = WiFiTransferViewModel.swift; sourceTree = "<group>"; };
		BB11CC22DD33EE44FF550A05 /* PINReEntryView.swift */ = {isa = PBXFileReference; lastKnownFileType = sourcecode.swift; path = PINReEntryView.swift; sourceTree = "<group>"; };
		BB11CC22DD33EE44FF550A06 /* WiFiTransferView.swift */ = {isa = PBXFileReference; lastKnownFileType = sourcecode.swift; path = WiFiTransferView.swift; sourceTree = "<group>"; };
		BED3E42B8DBCF2065727C874 /* EncryptionService.swift */ = {isa = PBXFileReference; lastKnownFileType = sourcecode.swift; path = EncryptionService.swift; sourceTree = "<group>"; };
		C1D2E3F4A5B60718293A4B5C /* VisionAnalysisService.swift */ = {isa = PBXFileReference; lastKnownFileType = sourcecode.swift; path = VisionAnalysisService.swift; sourceTree = "<group>"; };
		C3D4E5F60718293041526B7D /* VaultGridView.swift */ = {isa = PBXFileReference; lastKnownFileType = sourcecode.swift; path = VaultGridView.swift; sourceTree = "<group>"; };
		C4D5F0EBAFA96909C9712F62 /* PINSetupView.swift */ = {isa = PBXFileReference; lastKnownFileType = sourcecode.swift; path = PINSetupView.swift; sourceTree = "<group>"; };
		CC22DD33EE44FF550A070001 /* Secrets.xcconfig */ = {isa = PBXFileReference; lastKnownFileType = text.xcconfig; path = Secrets.xcconfig; sourceTree = "<group>"; };
		CC22DD33EE44FF550A070002 /* Secrets.xcconfig.example */ = {isa = PBXFileReference; lastKnownFileType = text.xcconfig; path = Secrets.xcconfig.example; sourceTree = "<group>"; };
		CC22DD33EE44FF550A070003 /* Secrets.Debug.xcconfig */ = {isa = PBXFileReference; lastKnownFileType = text.xcconfig; path = Secrets.Debug.xcconfig; sourceTree = "<group>"; };
		CC22DD33EE44FF550A070004 /* Secrets.Release.xcconfig */ = {isa = PBXFileReference; lastKnownFileType = text.xcconfig; path = Secrets.Release.xcconfig; sourceTree = "<group>"; };
		CC33DD44EE55FF66AA77BB02 /* OnboardingView.swift */ = {isa = PBXFileReference; lastKnownFileType = sourcecode.swift; path = OnboardingView.swift; sourceTree = "<group>"; };
		D2939C27F07D011312BB7C89 /* ContentView.swift */ = {isa = PBXFileReference; lastKnownFileType = sourcecode.swift; path = ContentView.swift; sourceTree = "<group>"; };
		D4642AF6434C37F54BCDF308 /* BreakInAttempt.swift */ = {isa = PBXFileReference; lastKnownFileType = sourcecode.swift; path = BreakInAttempt.swift; sourceTree = "<group>"; };
		D4E5F60A1B2C3D4E5F60728A /* ImportView.swift */ = {isa = PBXFileReference; lastKnownFileType = sourcecode.swift; path = ImportView.swift; sourceTree = "<group>"; };
		D4E5F61601B2C3D4E5F60728 /* VaultViewModel.swift */ = {isa = PBXFileReference; lastKnownFileType = sourcecode.swift; path = VaultViewModel.swift; sourceTree = "<group>"; };
		D5A4E6F71829304152637B8E /* PhotoDetailView.swift */ = {isa = PBXFileReference; lastKnownFileType = sourcecode.swift; path = PhotoDetailView.swift; sourceTree = "<group>"; };
		D604B675E73CAE586A9EB0E1 /* VaultBox.entitlements */ = {isa = PBXFileReference; lastKnownFileType = text.plist.entitlements; path = VaultBox.entitlements; sourceTree = "<group>"; };
		DA42777D37B992122D9CF537 /* BreakInService.swift */ = {isa = PBXFileReference; lastKnownFileType = sourcecode.swift; path = BreakInService.swift; sourceTree = "<group>"; };
		E6D5F72A41637485960EBF21 /* VideoPlayerView.swift */ = {isa = PBXFileReference; lastKnownFileType = sourcecode.swift; path = VideoPlayerView.swift; sourceTree = "<group>"; };
		E7E7FE5EAECDA281CF730A0A /* VaultItem.swift */ = {isa = PBXFileReference; lastKnownFileType = sourcecode.swift; path = VaultItem.swift; sourceTree = "<group>"; };
		F0EC25525A796155921B2DB4 /* PINKeypadView.swift */ = {isa = PBXFileReference; lastKnownFileType = sourcecode.swift; path = PINKeypadView.swift; sourceTree = "<group>"; };
		F6071816A1B2C3D4E5F60728 /* AlbumViewModel.swift */ = {isa = PBXFileReference; lastKnownFileType = sourcecode.swift; path = AlbumViewModel.swift; sourceTree = "<group>"; };
		FB01A1B2C3D4E5F600000001 /* FeatureBoardModels.swift */ = {isa = PBXFileReference; lastKnownFileType = sourcecode.swift; path = FeatureBoardModels.swift; sourceTree = "<group>"; };
		FB01A1B2C3D4E5F600000003 /* FeatureBoardService.swift */ = {isa = PBXFileReference; lastKnownFileType = sourcecode.swift; path = FeatureBoardService.swift; sourceTree = "<group>"; };
		FB01A1B2C3D4E5F600000005 /* FeatureRequestsView.swift */ = {isa = PBXFileReference; lastKnownFileType = sourcecode.swift; path = FeatureRequestsView.swift; sourceTree = "<group>"; };
		FC2E72817BEC8029EC0BADFD /* EncryptionServiceTests.swift */ = {isa = PBXFileReference; lastKnownFileType = sourcecode.swift; path = EncryptionServiceTests.swift; sourceTree = "<group>"; };
		FFE0AA33519991168C48D2B4 /* VaultBoxUITests.swift */ = {isa = PBXFileReference; lastKnownFileType = sourcecode.swift; path = VaultBoxUITests.swift; sourceTree = "<group>"; };
		DD0100000000000000010001 /* AlbumCoverPickerView.swift */ = {isa = PBXFileReference; lastKnownFileType = sourcecode.swift; path = AlbumCoverPickerView.swift; sourceTree = "<group>"; };
		DD0100000000000000020001 /* DocumentPickerView.swift */ = {isa = PBXFileReference; lastKnownFileType = sourcecode.swift; path = DocumentPickerView.swift; sourceTree = "<group>"; };
		DD0100000000000000030001 /* DocumentDetailView.swift */ = {isa = PBXFileReference; lastKnownFileType = sourcecode.swift; path = DocumentDetailView.swift; sourceTree = "<group>"; };
		DD0100000000000000040001 /* DocumentThumbnailService.swift */ = {isa = PBXFileReference; lastKnownFileType = sourcecode.swift; path = DocumentThumbnailService.swift; sourceTree = "<group>"; };
		DD0100000000000000050001 /* SharedItem.swift */ = {isa = PBXFileReference; lastKnownFileType = sourcecode.swift; path = SharedItem.swift; sourceTree = "<group>"; };
		DD0100000000000000060001 /* SharingService.swift */ = {isa = PBXFileReference; lastKnownFileType = sourcecode.swift; path = SharingService.swift; sourceTree = "<group>"; };
		DD0100000000000000070001 /* ShareConfigView.swift */ = {isa = PBXFileReference; lastKnownFileType = sourcecode.swift; path = ShareConfigView.swift; sourceTree = "<group>"; };
		DD0100000000000000080001 /* SharedItemsView.swift */ = {isa = PBXFileReference; lastKnownFileType = sourcecode.swift; path = SharedItemsView.swift; sourceTree = "<group>"; };
		DD0100000000000000090001 /* SharedPhotoViewer.swift */ = {isa = PBXFileReference; lastKnownFileType = sourcecode.swift; path = SharedPhotoViewer.swift; sourceTree = "<group>"; };
/* End PBXFileReference section */

/* Begin PBXFrameworksBuildPhase section */
		E0FB12B3C0BB46AD2D5D696B /* Frameworks */ = {
			isa = PBXFrameworksBuildPhase;
			buildActionMask = 2147483647;
			files = (
				920BE213B8A19FDDA9926202 /* RevenueCat in Frameworks */,
				4C5D6E7F80A1B2C3D4E5F617 /* RevenueCatUI in Frameworks */,
				886725697AFAC77C31A2EB27 /* KeychainAccess in Frameworks */,
			);
			runOnlyForDeploymentPostprocessing = 0;
		};
/* End PBXFrameworksBuildPhase section */

/* Begin PBXGroup section */
		04E556EF62C75DC58BE05D8E /* Paywall */ = {
			isa = PBXGroup;
			children = (
				7F80A1B2C3D4E5F617283940 /* PaywallView.swift */,
			);
			path = Paywall;
			sourceTree = "<group>";
		};
		0F9830AC2BFA45A7D6D1CAA2 /* Auth */ = {
			isa = PBXGroup;
			children = (
				B3C4D5E6F7081920304A5B6C /* LockScreenView.swift */,
				CC33DD44EE55FF66AA77BB02 /* OnboardingView.swift */,
				694FE4365623C81A79223EFC /* PINDotsView.swift */,
				F0EC25525A796155921B2DB4 /* PINKeypadView.swift */,
				C4D5F0EBAFA96909C9712F62 /* PINSetupView.swift */,
				A1D0E7F2C3B4A59687766557 /* PostOnboardingSecuritySetupView.swift */,
			);
			path = Auth;
			sourceTree = "<group>";
		};
		1C67CB70A87A01D3BDDD2D9B /* Components */ = {
			isa = PBXGroup;
			children = (
				AA11BB22CC33DD44EE55FF15 /* AlbumCoverView.swift */,
				AA11BB22CC33DD44EE55FF12 /* EmptyStateView.swift */,
				AA11BB22CC33DD44EE55FF13 /* PremiumBadge.swift */,
				AA11BB22CC33DD44EE55FF14 /* VaultItemThumbnail.swift */,
			);
			path = Components;
			sourceTree = "<group>";
		};
		235789091AB060360248372C /* VaultBoxTests */ = {
			isa = PBXGroup;
			children = (
				32C17DE2C86D503C1D9879A7 /* AuthServiceTests.swift */,
				A1D0E7F2C3B4A59687766555 /* BreakInPermissionServiceTests.swift */,
				A1D0E7F2C3B4A5968776655B /* ContentViewRouteTests.swift */,
				FC2E72817BEC8029EC0BADFD /* EncryptionServiceTests.swift */,
				2685762B4DE2B8FF30F74FAB /* VaultBoxTests.swift */,
			);
			path = VaultBoxTests;
			sourceTree = "<group>";
		};
		4E1CDC7BD4AFE7899C89E851 /* Products */ = {
			isa = PBXGroup;
			children = (
				9ABD49527FCC499C4063B5C5 /* VaultBox.app */,
				4EB283B9F03B54A1D7149635 /* VaultBoxTests.xctest */,
				41A065F9BAEF35D0759437D5 /* VaultBoxUITests.xctest */,
			);
			name = Products;
			sourceTree = "<group>";
		};
		6A39F9D5E4AA9D48053F4934 /* Extensions */ = {
			isa = PBXGroup;
			children = (
				AA11BB22CC33DD44EE55FF19 /* Data+Encryption.swift */,
				AA11BB22CC33DD44EE55FF18 /* View+ConditionalModifier.swift */,
			);
			path = Extensions;
			sourceTree = "<group>";
		};
		6FA1BCC5C66B2C7B24E388AC /* Services */ = {
			isa = PBXGroup;
			children = (
				36A2035C23392BD435080480 /* AppIconService.swift */,
				1A86E457B9D24261AA37C220 /* AuthService.swift */,
				A1D0E7F2C3B4A59687766553 /* BreakInPermissionService.swift */,
				DA42777D37B992122D9CF537 /* BreakInService.swift */,
				470321758F2AECDDF122BCBF /* CloudService.swift */,
				DD0100000000000000040001 /* DocumentThumbnailService.swift */,
				BED3E42B8DBCF2065727C874 /* EncryptionService.swift */,
				FB01A1B2C3D4E5F600000003 /* FeatureBoardService.swift */,
				BB11CC22DD33EE44FF550A01 /* HTTPParser.swift */,
				B392794C825D7F4163AAE13A /* PanicGestureService.swift */,
				3B4C5D6E7F80A1B2C3D4E5F6 /* PurchaseService.swift */,
				DD0100000000000000060001 /* SharingService.swift */,
				A1B2C3D4E5F6071829304A5B /* VaultService.swift */,
				C1D2E3F4A5B60718293A4B5C /* VisionAnalysisService.swift */,
				BB11CC22DD33EE44FF550A02 /* WiFiTransferHTML.swift */,
				BB11CC22DD33EE44FF550A03 /* WiFiTransferService.swift */,
			);
			path = Services;
			sourceTree = "<group>";
		};
		7CA7C4D9FA9BF31CE861C7BE = {
			isa = PBXGroup;
			children = (
				151A606D2F3EAB32006C5943 /* Launch Screen.storyboard */,
				EF063D184B44030504E78953 /* VaultBox */,
				235789091AB060360248372C /* VaultBoxTests */,
				B168FC54781B942CAEFCFEF2 /* VaultBoxUITests */,
				4E1CDC7BD4AFE7899C89E851 /* Products */,
			);
			sourceTree = "<group>";
		};
		84A8A65D4FE0BBA14A7A77EB /* Views */ = {
			isa = PBXGroup;
			children = (
				0F9830AC2BFA45A7D6D1CAA2 /* Auth */,
				1C67CB70A87A01D3BDDD2D9B /* Components */,
				04E556EF62C75DC58BE05D8E /* Paywall */,
				939892434EAAB162892D3F7C /* Settings */,
				DD01000000000000000A0001 /* Sharing */,
				BBCA9D0EF8AB682AD00164CA /* Vault */,
			);
			path = Views;
			sourceTree = "<group>";
		};
		DD01000000000000000A0001 /* Sharing */ = {
			isa = PBXGroup;
			children = (
				DD0100000000000000070001 /* ShareConfigView.swift */,
				DD0100000000000000080001 /* SharedItemsView.swift */,
				DD0100000000000000090001 /* SharedPhotoViewer.swift */,
			);
			path = Sharing;
			sourceTree = "<group>";
		};
		90940B6A470BDAF89BA024AF /* Models */ = {
			isa = PBXGroup;
			children = (
				B7023E56BE3EEDDB5A4C1276 /* Album.swift */,
				816F0C902D0934CACAF3E697 /* AppSettings.swift */,
				D4642AF6434C37F54BCDF308 /* BreakInAttempt.swift */,
				FB01A1B2C3D4E5F600000001 /* FeatureBoardModels.swift */,
				DD0100000000000000050001 /* SharedItem.swift */,
				E7E7FE5EAECDA281CF730A0A /* VaultItem.swift */,
			);
			path = Models;
			sourceTree = "<group>";
		};
		939892434EAAB162892D3F7C /* Settings */ = {
			isa = PBXGroup;
			children = (
				1B1461F89282E1F78BC7F052 /* AppIconPickerView.swift */,
				939D7F9B442409D15296F28E /* BackupSettingsView.swift */,
				A1D0E7F2C3B4A59687766559 /* BreakInPermissionSetupView.swift */,
				3FC3D21281CAA279B031A721 /* BreakInLogView.swift */,
				FB01A1B2C3D4E5F600000005 /* FeatureRequestsView.swift */,
				BB11CC22DD33EE44FF550A05 /* PINReEntryView.swift */,
				7930F7D01A3C2BBE27388328 /* SecuritySettingsView.swift */,
				0393F6655D2D2937C94CC92D /* SettingsView.swift */,
				BB11CC22DD33EE44FF550A06 /* WiFiTransferView.swift */,
			);
			path = Settings;
			sourceTree = "<group>";
		};
		B168FC54781B942CAEFCFEF2 /* VaultBoxUITests */ = {
			isa = PBXGroup;
			children = (
				FFE0AA33519991168C48D2B4 /* VaultBoxUITests.swift */,
			);
			path = VaultBoxUITests;
			sourceTree = "<group>";
		};
		B362F9A7F22DB9959EE25CC9 /* ViewModels */ = {
			isa = PBXGroup;
			children = (
				F6071816A1B2C3D4E5F60728 /* AlbumViewModel.swift */,
				B2C3D4E516F6071829304A5B /* AuthViewModel.swift */,
				1829304116A1B2C3D4E5F607 /* ImportViewModel.swift */,
				009A9FD52168A43BF2784BFB /* SettingsViewModel.swift */,
				D4E5F61601B2C3D4E5F60728 /* VaultViewModel.swift */,
				BB11CC22DD33EE44FF550A04 /* WiFiTransferViewModel.swift */,
			);
			path = ViewModels;
			sourceTree = "<group>";
		};
		BBCA9D0EF8AB682AD00164CA /* Vault */ = {
			isa = PBXGroup;
			children = (
				DD0100000000000000010001 /* AlbumCoverPickerView.swift */,
				B2C3D4E5F6081930415C7D8E /* AlbumGridView.swift */,
				AA11BB22CC33DD44EE55FF11 /* CameraView.swift */,
				DD0100000000000000030001 /* DocumentDetailView.swift */,
				DD0100000000000000020001 /* DocumentPickerView.swift */,
				D4E5F60A1B2C3D4E5F60728A /* ImportView.swift */,
				D5A4E6F71829304152637B8E /* PhotoDetailView.swift */,
				E6D5F72A41637485960EBF21 /* VideoPlayerView.swift */,
				C3D4E5F60718293041526B7D /* VaultGridView.swift */,
			);
			path = Vault;
			sourceTree = "<group>";
		};
		EC332CB3A9FCF466563E700B /* Utilities */ = {
			isa = PBXGroup;
			children = (
				7C49A0C51724A12AFC4766DA /* Constants.swift */,
				AA11BB22CC33DD44EE55FF16 /* Haptics.swift */,
				AA11BB22CC33DD44EE55FF17 /* VaultBoxError.swift */,
				6A39F9D5E4AA9D48053F4934 /* Extensions */,
			);
			path = Utilities;
			sourceTree = "<group>";
		};
		EF063D184B44030504E78953 /* VaultBox */ = {
			isa = PBXGroup;
			children = (
				D2939C27F07D011312BB7C89 /* ContentView.swift */,
				64922A8504D6C69762B8C911 /* Info.plist */,
				CC22DD33EE44FF550A070003 /* Secrets.Debug.xcconfig */,
				CC22DD33EE44FF550A070004 /* Secrets.Release.xcconfig */,
				CC22DD33EE44FF550A070001 /* Secrets.xcconfig */,
				CC22DD33EE44FF550A070002 /* Secrets.xcconfig.example */,
				D604B675E73CAE586A9EB0E1 /* VaultBox.entitlements */,
				34702C72F8A36861926F0D3C /* VaultBoxApp.swift */,
				90940B6A470BDAF89BA024AF /* Models */,
				F1FE45760E482E75DEA0AD05 /* Resources */,
				6FA1BCC5C66B2C7B24E388AC /* Services */,
				EC332CB3A9FCF466563E700B /* Utilities */,
				B362F9A7F22DB9959EE25CC9 /* ViewModels */,
				84A8A65D4FE0BBA14A7A77EB /* Views */,
			);
			path = VaultBox;
			sourceTree = "<group>";
		};
		F1FE45760E482E75DEA0AD05 /* Resources */ = {
			isa = PBXGroup;
			children = (
				BADE5E1C90AC5304992FC1ED /* Assets.xcassets */,
			);
			path = Resources;
			sourceTree = "<group>";
		};
/* End PBXGroup section */

/* Begin PBXNativeTarget section */
		0CE48DF4587592D4B518C910 /* VaultBoxTests */ = {
			isa = PBXNativeTarget;
			buildConfigurationList = 4BC0FA81B2366BAB9E28F9DD /* Build configuration list for PBXNativeTarget "VaultBoxTests" */;
			buildPhases = (
				087EA3CA89D23128A3F50155 /* Sources */,
			);
			buildRules = (
			);
			dependencies = (
				6F1A6AE952C88C19B19E355F /* PBXTargetDependency */,
			);
			name = VaultBoxTests;
			packageProductDependencies = (
			);
			productName = VaultBoxTests;
			productReference = 4EB283B9F03B54A1D7149635 /* VaultBoxTests.xctest */;
			productType = "com.apple.product-type.bundle.unit-test";
		};
		529AC2156C00832676CF94B9 /* VaultBox */ = {
			isa = PBXNativeTarget;
			buildConfigurationList = 997E24467537922F8FD6576B /* Build configuration list for PBXNativeTarget "VaultBox" */;
			buildPhases = (
				E8466768C8AE778FBF8D2B3A /* Sources */,
				D8086BDD2CCF2AC0BBB858FF /* Resources */,
				E0FB12B3C0BB46AD2D5D696B /* Frameworks */,
			);
			buildRules = (
			);
			dependencies = (
			);
			name = VaultBox;
			packageProductDependencies = (
				DB3AC3CCEBE71B5ED091FA5A /* RevenueCat */,
				5D6E7F80A1B2C3D4E5F61728 /* RevenueCatUI */,
				9BCF83440C91B074EC834D97 /* KeychainAccess */,
			);
			productName = VaultBox;
			productReference = 9ABD49527FCC499C4063B5C5 /* VaultBox.app */;
			productType = "com.apple.product-type.application";
		};
		98E5DA03024BF023A84C7EC4 /* VaultBoxUITests */ = {
			isa = PBXNativeTarget;
			buildConfigurationList = 2C1BD5412F00E4336A5D651A /* Build configuration list for PBXNativeTarget "VaultBoxUITests" */;
			buildPhases = (
				204127892B6735B6A8A51D0D /* Sources */,
			);
			buildRules = (
			);
			dependencies = (
				ABF5073052772293A36AFFA4 /* PBXTargetDependency */,
			);
			name = VaultBoxUITests;
			packageProductDependencies = (
			);
			productName = VaultBoxUITests;
			productReference = 41A065F9BAEF35D0759437D5 /* VaultBoxUITests.xctest */;
			productType = "com.apple.product-type.bundle.ui-testing";
		};
/* End PBXNativeTarget section */

/* Begin PBXProject section */
		F74559B9175A78D7E7049B04 /* Project object */ = {
			isa = PBXProject;
			attributes = {
				BuildIndependentTargetsInParallel = YES;
				LastUpgradeCheck = 2620;
				TargetAttributes = {
					98E5DA03024BF023A84C7EC4 = {
						TestTargetID = 529AC2156C00832676CF94B9;
					};
				};
			};
			buildConfigurationList = 5A304BB44D7B9BD944210C53 /* Build configuration list for PBXProject "VaultBox" */;
			compatibilityVersion = "Xcode 14.0";
			developmentRegion = en;
			hasScannedForEncodings = 0;
			knownRegions = (
				Base,
				en,
			);
			mainGroup = 7CA7C4D9FA9BF31CE861C7BE;
			minimizedProjectReferenceProxies = 1;
			packageReferences = (
				EF1AFD5E7D6E3767771D03D9 /* XCRemoteSwiftPackageReference "KeychainAccess" */,
				39099E1133850BE89DEE0FBE /* XCRemoteSwiftPackageReference "purchases-ios" */,
			);
			projectDirPath = "";
			projectRoot = "";
			targets = (
				529AC2156C00832676CF94B9 /* VaultBox */,
				0CE48DF4587592D4B518C910 /* VaultBoxTests */,
				98E5DA03024BF023A84C7EC4 /* VaultBoxUITests */,
			);
		};
/* End PBXProject section */

/* Begin PBXResourcesBuildPhase section */
		D8086BDD2CCF2AC0BBB858FF /* Resources */ = {
			isa = PBXResourcesBuildPhase;
			buildActionMask = 2147483647;
			files = (
				151A606E2F3EAB32006C5943 /* Launch Screen.storyboard in Resources */,
				96A41D0233E76E2E72B739CB /* Assets.xcassets in Resources */,
			);
			runOnlyForDeploymentPostprocessing = 0;
		};
/* End PBXResourcesBuildPhase section */

/* Begin PBXSourcesBuildPhase section */
		087EA3CA89D23128A3F50155 /* Sources */ = {
			isa = PBXSourcesBuildPhase;
			buildActionMask = 2147483647;
			files = (
				C140F0C11CEEDE8406C46738 /* AuthServiceTests.swift in Sources */,
				A1D0E7F2C3B4A59687766556 /* BreakInPermissionServiceTests.swift in Sources */,
				A1D0E7F2C3B4A5968776655C /* ContentViewRouteTests.swift in Sources */,
				A98A28668C94C86E6A5EDCCD /* EncryptionServiceTests.swift in Sources */,
				7C7F17A247776BFBE57C7002 /* VaultBoxTests.swift in Sources */,
			);
			runOnlyForDeploymentPostprocessing = 0;
		};
		204127892B6735B6A8A51D0D /* Sources */ = {
			isa = PBXSourcesBuildPhase;
			buildActionMask = 2147483647;
			files = (
				CF09C7F31AD41774B786645D /* VaultBoxUITests.swift in Sources */,
			);
			runOnlyForDeploymentPostprocessing = 0;
		};
		E8466768C8AE778FBF8D2B3A /* Sources */ = {
			isa = PBXSourcesBuildPhase;
			buildActionMask = 2147483647;
			files = (
				050BB4392E19DB0EB7B22155 /* Album.swift in Sources */,
				A1B2C3D4E5F6081930415C7D /* AlbumGridView.swift in Sources */,
				E5F60716A1B2C3D4E5F60718 /* AlbumViewModel.swift in Sources */,
				D3CC7D2809F750D3F2737FFA /* AppIconPickerView.swift in Sources */,
				2C1B54A9961CFB491BC0FC57 /* AppIconService.swift in Sources */,
				DC090E5D08E3C434779B9093 /* AppSettings.swift in Sources */,
				0B74EFBF667408B7CA6226B5 /* AuthService.swift in Sources */,
				A1B2C3D416E5F60718293A4B /* AuthViewModel.swift in Sources */,
				200FC0CC6BF6FB3AAAE3FE79 /* BackupSettingsView.swift in Sources */,
				5C8FA68F0A92A77B692DD53B /* BreakInAttempt.swift in Sources */,
				47F3A82E6F857DB27524E72D /* BreakInLogView.swift in Sources */,
				A1D0E7F2C3B4A59687766554 /* BreakInPermissionService.swift in Sources */,
				1B71542B2897BEE13955901F /* BreakInService.swift in Sources */,
				E5A6B48B1DF67069311D8E53 /* CloudService.swift in Sources */,
				A93772B76AB866E19E383E7B /* Constants.swift in Sources */,
				83F8A4B8940D72E6F7B41527 /* ContentView.swift in Sources */,
				D536F32D6EBA30BF6FE4642A /* EncryptionService.swift in Sources */,
				FB01A1B2C3D4E5F600000002 /* FeatureBoardModels.swift in Sources */,
				FB01A1B2C3D4E5F600000004 /* FeatureBoardService.swift in Sources */,
				FB01A1B2C3D4E5F600000006 /* FeatureRequestsView.swift in Sources */,
				C3D4E5F60A1B2C3D4E5F6072 /* ImportView.swift in Sources */,
				071816A1B2C3D4E5F6071829 /* ImportViewModel.swift in Sources */,
				A2B3C4D5E6F70819203A4B5C /* LockScreenView.swift in Sources */,
				C5AF8C2501E19869249D4501 /* PanicGestureService.swift in Sources */,
				6E7F80A1B2C3D4E5F6172839 /* PaywallView.swift in Sources */,
				E6B5F70829415263748C9D0F /* PhotoDetailView.swift in Sources */,
				822A4D69398B4376160E0A4E /* PINDotsView.swift in Sources */,
				39C918B95D6F74B1506DFF20 /* PINKeypadView.swift in Sources */,
				CCAC5953DE5FB171D2A840FE /* PINSetupView.swift in Sources */,
				A1D0E7F2C3B4A59687766558 /* PostOnboardingSecuritySetupView.swift in Sources */,
				2A3B4C5D6E7F80A1B2C3D4E5 /* PurchaseService.swift in Sources */,
				A1D0E7F2C3B4A5968776655A /* BreakInPermissionSetupView.swift in Sources */,
				6DD01C1408A8E6E9687376D8 /* SecuritySettingsView.swift in Sources */,
				B188AD5A98AACC8E36AE6F6F /* SettingsView.swift in Sources */,
				1E3D1F3FD1CF7E9D6B4DFC03 /* SettingsViewModel.swift in Sources */,
				71500CDFA5559C9E42DC0BE7 /* VaultBoxApp.swift in Sources */,
				B2C3D4E5F607182930415B6C /* VaultGridView.swift in Sources */,
				675764EA044DEECF46B8D108 /* VaultItem.swift in Sources */,
				F8A1B2C3D4E5F60718293A4B /* VaultService.swift in Sources */,
				D2E3F4A5B6C7081929304A5B /* VisionAnalysisService.swift in Sources */,
				C3D4E5F616A1B2C3D4E5F607 /* VaultViewModel.swift in Sources */,
				F7C6E81930526374859DAE10 /* VideoPlayerView.swift in Sources */,
				AA11BB22CC33DD44EE55FF01 /* CameraView.swift in Sources */,
				AA11BB22CC33DD44EE55FF02 /* EmptyStateView.swift in Sources */,
				AA11BB22CC33DD44EE55FF03 /* PremiumBadge.swift in Sources */,
				AA11BB22CC33DD44EE55FF04 /* VaultItemThumbnail.swift in Sources */,
				AA11BB22CC33DD44EE55FF05 /* AlbumCoverView.swift in Sources */,
				AA11BB22CC33DD44EE55FF06 /* Haptics.swift in Sources */,
				AA11BB22CC33DD44EE55FF07 /* VaultBoxError.swift in Sources */,
				AA11BB22CC33DD44EE55FF08 /* View+ConditionalModifier.swift in Sources */,
				AA11BB22CC33DD44EE55FF09 /* Data+Encryption.swift in Sources */,
				BB11CC22DD33EE44FF550B01 /* HTTPParser.swift in Sources */,
				BB11CC22DD33EE44FF550B02 /* WiFiTransferHTML.swift in Sources */,
				BB11CC22DD33EE44FF550B03 /* WiFiTransferService.swift in Sources */,
				BB11CC22DD33EE44FF550B04 /* WiFiTransferViewModel.swift in Sources */,
				BB11CC22DD33EE44FF550B05 /* PINReEntryView.swift in Sources */,
				BB11CC22DD33EE44FF550B06 /* WiFiTransferView.swift in Sources */,
				CC33DD44EE55FF66AA77BB01 /* OnboardingView.swift in Sources */,
				DD0100000000000000010002 /* AlbumCoverPickerView.swift in Sources */,
				DD0100000000000000020002 /* DocumentPickerView.swift in Sources */,
				DD0100000000000000030002 /* DocumentDetailView.swift in Sources */,
				DD0100000000000000040002 /* DocumentThumbnailService.swift in Sources */,
				DD0100000000000000050002 /* SharedItem.swift in Sources */,
				DD0100000000000000060002 /* SharingService.swift in Sources */,
				DD0100000000000000070002 /* ShareConfigView.swift in Sources */,
				DD0100000000000000080002 /* SharedItemsView.swift in Sources */,
				DD0100000000000000090002 /* SharedPhotoViewer.swift in Sources */,
			);
			runOnlyForDeploymentPostprocessing = 0;
		};
/* End PBXSourcesBuildPhase section */

/* Begin PBXTargetDependency section */
		6F1A6AE952C88C19B19E355F /* PBXTargetDependency */ = {
			isa = PBXTargetDependency;
			target = 529AC2156C00832676CF94B9 /* VaultBox */;
			targetProxy = D9987E7DD4F54C6328B33688 /* PBXContainerItemProxy */;
		};
		ABF5073052772293A36AFFA4 /* PBXTargetDependency */ = {
			isa = PBXTargetDependency;
			target = 529AC2156C00832676CF94B9 /* VaultBox */;
			targetProxy = EB6FB165587BAF07CF6A254E /* PBXContainerItemProxy */;
		};
/* End PBXTargetDependency section */

/* Begin XCBuildConfiguration section */
		043FFC381BE5244826DDA0C7 /* Release */ = {
			isa = XCBuildConfiguration;
			buildSettings = {
				BUNDLE_LOADER = "$(TEST_HOST)";
				GENERATE_INFOPLIST_FILE = YES;
				LD_RUNPATH_SEARCH_PATHS = (
					"$(inherited)",
					"@executable_path/Frameworks",
					"@loader_path/Frameworks",
				);
				PRODUCT_BUNDLE_IDENTIFIER = com.vaultbox.app.uitests;
				SDKROOT = iphoneos;
				TARGETED_DEVICE_FAMILY = "1,2";
				TEST_TARGET_NAME = VaultBox;
			};
			name = Release;
		};
		1422B29AA0BDE398C900A743 /* Debug */ = {
			isa = XCBuildConfiguration;
			baseConfigurationReference = CC22DD33EE44FF550A070003 /* Secrets.Debug.xcconfig */;
			buildSettings = {
				"ASSETCATALOG_COMPILER_ALTERNATE_APPICON_NAMES[sdk=*]" = ClockIcon;
				ASSETCATALOG_COMPILER_APPICON_NAME = AppIcon;
				ASSETCATALOG_COMPILER_INCLUDE_ALL_APPICON_ASSETS = YES;
				ASSETCATALOG_COMPILER_INCLUDE_INFOPLIST_ENTRIES = YES;
				CODE_SIGNING_ALLOWED = YES;
				CODE_SIGN_ENTITLEMENTS = VaultBox/VaultBox.entitlements;
				CODE_SIGN_IDENTITY = "Apple Development";
				CODE_SIGN_STYLE = Automatic;
				CURRENT_PROJECT_VERSION = 2;
				DEVELOPMENT_TEAM = 4A7H788X5U;
				INFOPLIST_FILE = VaultBox/Info.plist;
				INFOPLIST_KEY_CFBundleDisplayName = VaultBox;
				INFOPLIST_KEY_LSApplicationCategoryType = "public.app-category.utilities";
				LD_RUNPATH_SEARCH_PATHS = (
					"$(inherited)",
					"@executable_path/Frameworks",
				);
				MARKETING_VERSION = 1.0.0;
				PRODUCT_BUNDLE_IDENTIFIER = com.pack6.vaultbox;
				PROVISIONING_PROFILE_SPECIFIER = "";
				SDKROOT = iphoneos;
				SUPPORTED_INTERFACE_ORIENTATIONS = UIInterfaceOrientationPortrait;
				SWIFT_STRICT_CONCURRENCY = complete;
				TARGETED_DEVICE_FAMILY = 1;
			};
			name = Debug;
		};
		3E49EA66C3825B5FA40E67A7 /* Release */ = {
			isa = XCBuildConfiguration;
			buildSettings = {
				ALWAYS_SEARCH_USER_PATHS = NO;
				CLANG_ANALYZER_NONNULL = YES;
				CLANG_ANALYZER_NUMBER_OBJECT_CONVERSION = YES_AGGRESSIVE;
				CLANG_CXX_LANGUAGE_STANDARD = "gnu++14";
				CLANG_CXX_LIBRARY = "libc++";
				CLANG_ENABLE_MODULES = YES;
				CLANG_ENABLE_OBJC_ARC = YES;
				CLANG_ENABLE_OBJC_WEAK = YES;
				CLANG_WARN_BLOCK_CAPTURE_AUTORELEASING = YES;
				CLANG_WARN_BOOL_CONVERSION = YES;
				CLANG_WARN_COMMA = YES;
				CLANG_WARN_CONSTANT_CONVERSION = YES;
				CLANG_WARN_DEPRECATED_OBJC_IMPLEMENTATIONS = YES;
				CLANG_WARN_DIRECT_OBJC_ISA_USAGE = YES_ERROR;
				CLANG_WARN_DOCUMENTATION_COMMENTS = YES;
				CLANG_WARN_EMPTY_BODY = YES;
				CLANG_WARN_ENUM_CONVERSION = YES;
				CLANG_WARN_INFINITE_RECURSION = YES;
				CLANG_WARN_INT_CONVERSION = YES;
				CLANG_WARN_NON_LITERAL_NULL_CONVERSION = YES;
				CLANG_WARN_OBJC_IMPLICIT_RETAIN_SELF = YES;
				CLANG_WARN_OBJC_LITERAL_CONVERSION = YES;
				CLANG_WARN_OBJC_ROOT_CLASS = YES_ERROR;
				CLANG_WARN_QUOTED_INCLUDE_IN_FRAMEWORK_HEADER = YES;
				CLANG_WARN_RANGE_LOOP_ANALYSIS = YES;
				CLANG_WARN_STRICT_PROTOTYPES = YES;
				CLANG_WARN_SUSPICIOUS_MOVE = YES;
				CLANG_WARN_UNGUARDED_AVAILABILITY = YES_AGGRESSIVE;
				CLANG_WARN_UNREACHABLE_CODE = YES;
				CLANG_WARN__DUPLICATE_METHOD_MATCH = YES;
				COPY_PHASE_STRIP = NO;
				DEBUG_INFORMATION_FORMAT = "dwarf-with-dsym";
				ENABLE_NS_ASSERTIONS = NO;
				ENABLE_STRICT_OBJC_MSGSEND = YES;
				ENABLE_USER_SCRIPT_SANDBOXING = YES;
				GCC_C_LANGUAGE_STANDARD = gnu11;
				GCC_NO_COMMON_BLOCKS = YES;
				GCC_WARN_64_TO_32_BIT_CONVERSION = YES;
				GCC_WARN_ABOUT_RETURN_TYPE = YES_ERROR;
				GCC_WARN_UNDECLARED_SELECTOR = YES;
				GCC_WARN_UNINITIALIZED_AUTOS = YES_AGGRESSIVE;
				GCC_WARN_UNUSED_FUNCTION = YES;
				GCC_WARN_UNUSED_VARIABLE = YES;
				IPHONEOS_DEPLOYMENT_TARGET = 17.0;
				MTL_ENABLE_DEBUG_INFO = NO;
				MTL_FAST_MATH = YES;
				PRODUCT_NAME = "$(TARGET_NAME)";
				SDKROOT = iphoneos;
				STRING_CATALOG_GENERATE_SYMBOLS = YES;
				SWIFT_COMPILATION_MODE = wholemodule;
				SWIFT_OPTIMIZATION_LEVEL = "-O";
				SWIFT_VERSION = 6.0;
			};
			name = Release;
		};
		4C2B3E9E6BE54E24671FD7EC /* Debug */ = {
			isa = XCBuildConfiguration;
			buildSettings = {
				ALWAYS_SEARCH_USER_PATHS = NO;
				CLANG_ANALYZER_NONNULL = YES;
				CLANG_ANALYZER_NUMBER_OBJECT_CONVERSION = YES_AGGRESSIVE;
				CLANG_CXX_LANGUAGE_STANDARD = "gnu++14";
				CLANG_CXX_LIBRARY = "libc++";
				CLANG_ENABLE_MODULES = YES;
				CLANG_ENABLE_OBJC_ARC = YES;
				CLANG_ENABLE_OBJC_WEAK = YES;
				CLANG_WARN_BLOCK_CAPTURE_AUTORELEASING = YES;
				CLANG_WARN_BOOL_CONVERSION = YES;
				CLANG_WARN_COMMA = YES;
				CLANG_WARN_CONSTANT_CONVERSION = YES;
				CLANG_WARN_DEPRECATED_OBJC_IMPLEMENTATIONS = YES;
				CLANG_WARN_DIRECT_OBJC_ISA_USAGE = YES_ERROR;
				CLANG_WARN_DOCUMENTATION_COMMENTS = YES;
				CLANG_WARN_EMPTY_BODY = YES;
				CLANG_WARN_ENUM_CONVERSION = YES;
				CLANG_WARN_INFINITE_RECURSION = YES;
				CLANG_WARN_INT_CONVERSION = YES;
				CLANG_WARN_NON_LITERAL_NULL_CONVERSION = YES;
				CLANG_WARN_OBJC_IMPLICIT_RETAIN_SELF = YES;
				CLANG_WARN_OBJC_LITERAL_CONVERSION = YES;
				CLANG_WARN_OBJC_ROOT_CLASS = YES_ERROR;
				CLANG_WARN_QUOTED_INCLUDE_IN_FRAMEWORK_HEADER = YES;
				CLANG_WARN_RANGE_LOOP_ANALYSIS = YES;
				CLANG_WARN_STRICT_PROTOTYPES = YES;
				CLANG_WARN_SUSPICIOUS_MOVE = YES;
				CLANG_WARN_UNGUARDED_AVAILABILITY = YES_AGGRESSIVE;
				CLANG_WARN_UNREACHABLE_CODE = YES;
				CLANG_WARN__DUPLICATE_METHOD_MATCH = YES;
				COPY_PHASE_STRIP = NO;
				DEBUG_INFORMATION_FORMAT = dwarf;
				ENABLE_STRICT_OBJC_MSGSEND = YES;
				ENABLE_TESTABILITY = YES;
				ENABLE_USER_SCRIPT_SANDBOXING = YES;
				GCC_C_LANGUAGE_STANDARD = gnu11;
				GCC_DYNAMIC_NO_PIC = NO;
				GCC_NO_COMMON_BLOCKS = YES;
				GCC_OPTIMIZATION_LEVEL = 0;
				GCC_PREPROCESSOR_DEFINITIONS = (
					"$(inherited)",
					"DEBUG=1",
				);
				GCC_WARN_64_TO_32_BIT_CONVERSION = YES;
				GCC_WARN_ABOUT_RETURN_TYPE = YES_ERROR;
				GCC_WARN_UNDECLARED_SELECTOR = YES;
				GCC_WARN_UNINITIALIZED_AUTOS = YES_AGGRESSIVE;
				GCC_WARN_UNUSED_FUNCTION = YES;
				GCC_WARN_UNUSED_VARIABLE = YES;
				IPHONEOS_DEPLOYMENT_TARGET = 17.0;
				MTL_ENABLE_DEBUG_INFO = INCLUDE_SOURCE;
				MTL_FAST_MATH = YES;
				ONLY_ACTIVE_ARCH = YES;
				PRODUCT_NAME = "$(TARGET_NAME)";
				SDKROOT = iphoneos;
				STRING_CATALOG_GENERATE_SYMBOLS = YES;
				SWIFT_ACTIVE_COMPILATION_CONDITIONS = DEBUG;
				SWIFT_OPTIMIZATION_LEVEL = "-Onone";
				SWIFT_VERSION = 6.0;
			};
			name = Debug;
		};
		7B9BC9781CCDAA272F48E951 /* Release */ = {
			isa = XCBuildConfiguration;
			baseConfigurationReference = CC22DD33EE44FF550A070004 /* Secrets.Release.xcconfig */;
			buildSettings = {
				"ASSETCATALOG_COMPILER_ALTERNATE_APPICON_NAMES[sdk=*]" = ClockIcon;
				ASSETCATALOG_COMPILER_APPICON_NAME = AppIcon;
				ASSETCATALOG_COMPILER_INCLUDE_ALL_APPICON_ASSETS = YES;
				ASSETCATALOG_COMPILER_INCLUDE_INFOPLIST_ENTRIES = YES;
				CODE_SIGNING_ALLOWED = YES;
				CODE_SIGN_ENTITLEMENTS = VaultBox/VaultBox.entitlements;
				CODE_SIGN_IDENTITY = "Apple Development";
				CODE_SIGN_STYLE = Automatic;
				CURRENT_PROJECT_VERSION = 2;
				DEVELOPMENT_TEAM = 4A7H788X5U;
				INFOPLIST_FILE = VaultBox/Info.plist;
				INFOPLIST_KEY_CFBundleDisplayName = VaultBox;
				INFOPLIST_KEY_LSApplicationCategoryType = "public.app-category.utilities";
				LD_RUNPATH_SEARCH_PATHS = (
					"$(inherited)",
					"@executable_path/Frameworks",
				);
				MARKETING_VERSION = 1.0.0;
				PRODUCT_BUNDLE_IDENTIFIER = com.pack6.vaultbox;
				PROVISIONING_PROFILE_SPECIFIER = "";
				SDKROOT = iphoneos;
				SUPPORTED_INTERFACE_ORIENTATIONS = UIInterfaceOrientationPortrait;
				SWIFT_STRICT_CONCURRENCY = complete;
				TARGETED_DEVICE_FAMILY = 1;
			};
			name = Release;
		};
		93F00BA92B531F14BB6D046E /* Debug */ = {
			isa = XCBuildConfiguration;
			buildSettings = {
				BUNDLE_LOADER = "$(TEST_HOST)";
				GENERATE_INFOPLIST_FILE = YES;
				LD_RUNPATH_SEARCH_PATHS = (
					"$(inherited)",
					"@executable_path/Frameworks",
					"@loader_path/Frameworks",
				);
				PRODUCT_BUNDLE_IDENTIFIER = com.vaultbox.app.uitests;
				SDKROOT = iphoneos;
				TARGETED_DEVICE_FAMILY = "1,2";
				TEST_TARGET_NAME = VaultBox;
			};
			name = Debug;
		};
		9B635297B23405FB924CFD55 /* Debug */ = {
			isa = XCBuildConfiguration;
			buildSettings = {
				BUNDLE_LOADER = "$(TEST_HOST)";
				GENERATE_INFOPLIST_FILE = YES;
				LD_RUNPATH_SEARCH_PATHS = (
					"$(inherited)",
					"@executable_path/Frameworks",
					"@loader_path/Frameworks",
				);
				PRODUCT_BUNDLE_IDENTIFIER = com.vaultbox.app.tests;
				SDKROOT = iphoneos;
				TARGETED_DEVICE_FAMILY = "1,2";
				TEST_HOST = "$(BUILT_PRODUCTS_DIR)/VaultBox.app/VaultBox";
			};
			name = Debug;
		};
		FFDCCC44B3E39AB2B2E0D59A /* Release */ = {
			isa = XCBuildConfiguration;
			buildSettings = {
				BUNDLE_LOADER = "$(TEST_HOST)";
				GENERATE_INFOPLIST_FILE = YES;
				LD_RUNPATH_SEARCH_PATHS = (
					"$(inherited)",
					"@executable_path/Frameworks",
					"@loader_path/Frameworks",
				);
				PRODUCT_BUNDLE_IDENTIFIER = com.vaultbox.app.tests;
				SDKROOT = iphoneos;
				TARGETED_DEVICE_FAMILY = "1,2";
				TEST_HOST = "$(BUILT_PRODUCTS_DIR)/VaultBox.app/VaultBox";
			};
			name = Release;
		};
/* End XCBuildConfiguration section */

/* Begin XCConfigurationList section */
		2C1BD5412F00E4336A5D651A /* Build configuration list for PBXNativeTarget "VaultBoxUITests" */ = {
			isa = XCConfigurationList;
			buildConfigurations = (
				93F00BA92B531F14BB6D046E /* Debug */,
				043FFC381BE5244826DDA0C7 /* Release */,
			);
			defaultConfigurationIsVisible = 0;
			defaultConfigurationName = Debug;
		};
		4BC0FA81B2366BAB9E28F9DD /* Build configuration list for PBXNativeTarget "VaultBoxTests" */ = {
			isa = XCConfigurationList;
			buildConfigurations = (
				9B635297B23405FB924CFD55 /* Debug */,
				FFDCCC44B3E39AB2B2E0D59A /* Release */,
			);
			defaultConfigurationIsVisible = 0;
			defaultConfigurationName = Debug;
		};
		5A304BB44D7B9BD944210C53 /* Build configuration list for PBXProject "VaultBox" */ = {
			isa = XCConfigurationList;
			buildConfigurations = (
				4C2B3E9E6BE54E24671FD7EC /* Debug */,
				3E49EA66C3825B5FA40E67A7 /* Release */,
			);
			defaultConfigurationIsVisible = 0;
			defaultConfigurationName = Debug;
		};
		997E24467537922F8FD6576B /* Build configuration list for PBXNativeTarget "VaultBox" */ = {
			isa = XCConfigurationList;
			buildConfigurations = (
				1422B29AA0BDE398C900A743 /* Debug */,
				7B9BC9781CCDAA272F48E951 /* Release */,
			);
			defaultConfigurationIsVisible = 0;
			defaultConfigurationName = Debug;
		};
/* End XCConfigurationList section */

/* Begin XCRemoteSwiftPackageReference section */
		39099E1133850BE89DEE0FBE /* XCRemoteSwiftPackageReference "purchases-ios" */ = {
			isa = XCRemoteSwiftPackageReference;
			repositoryURL = "https://github.com/RevenueCat/purchases-ios";
			requirement = {
				kind = upToNextMajorVersion;
				minimumVersion = 5.0.0;
			};
		};
		EF1AFD5E7D6E3767771D03D9 /* XCRemoteSwiftPackageReference "KeychainAccess" */ = {
			isa = XCRemoteSwiftPackageReference;
			repositoryURL = "https://github.com/kishikawakatsumi/KeychainAccess";
			requirement = {
				kind = upToNextMajorVersion;
				minimumVersion = 4.2.2;
			};
		};
/* End XCRemoteSwiftPackageReference section */

/* Begin XCSwiftPackageProductDependency section */
		5D6E7F80A1B2C3D4E5F61728 /* RevenueCatUI */ = {
			isa = XCSwiftPackageProductDependency;
			package = 39099E1133850BE89DEE0FBE /* XCRemoteSwiftPackageReference "purchases-ios" */;
			productName = RevenueCatUI;
		};
		9BCF83440C91B074EC834D97 /* KeychainAccess */ = {
			isa = XCSwiftPackageProductDependency;
			package = EF1AFD5E7D6E3767771D03D9 /* XCRemoteSwiftPackageReference "KeychainAccess" */;
			productName = KeychainAccess;
		};
		DB3AC3CCEBE71B5ED091FA5A /* RevenueCat */ = {
			isa = XCSwiftPackageProductDependency;
			package = 39099E1133850BE89DEE0FBE /* XCRemoteSwiftPackageReference "purchases-ios" */;
			productName = RevenueCat;
		};
/* End XCSwiftPackageProductDependency section */
	};
	rootObject = F74559B9175A78D7E7049B04 /* Project object */;
}
